// !$*UTF8*$!
{
	archiveVersion = 1;
	classes = {
	};
	objectVersion = 50;
	objects = {

/* Begin PBXBuildFile section */
		83449D2225111F83003C0AC3 /* AppDelegate.swift in Sources */ = {isa = PBXBuildFile; fileRef = 83449D2125111F83003C0AC3 /* AppDelegate.swift */; };
		83449D2425111F83003C0AC3 /* SceneDelegate.swift in Sources */ = {isa = PBXBuildFile; fileRef = 83449D2325111F83003C0AC3 /* SceneDelegate.swift */; };
		83449D2625111F83003C0AC3 /* ViewController.swift in Sources */ = {isa = PBXBuildFile; fileRef = 83449D2525111F83003C0AC3 /* ViewController.swift */; };
		83449D2925111F83003C0AC3 /* Main.storyboard in Resources */ = {isa = PBXBuildFile; fileRef = 83449D2725111F83003C0AC3 /* Main.storyboard */; };
		83449D2B25111F84003C0AC3 /* Assets.xcassets in Resources */ = {isa = PBXBuildFile; fileRef = 83449D2A25111F84003C0AC3 /* Assets.xcassets */; };
		83449D2E25111F84003C0AC3 /* LaunchScreen.storyboard in Resources */ = {isa = PBXBuildFile; fileRef = 83449D2C25111F84003C0AC3 /* LaunchScreen.storyboard */; };
		83449D3925111F84003C0AC3 /* day16Tests.swift in Sources */ = {isa = PBXBuildFile; fileRef = 83449D3825111F84003C0AC3 /* day16Tests.swift */; };
/* End PBXBuildFile section */

/* Begin PBXContainerItemProxy section */
		83449D3525111F84003C0AC3 /* PBXContainerItemProxy */ = {
			isa = PBXContainerItemProxy;
			containerPortal = 83449D1625111F83003C0AC3 /* Project object */;
			proxyType = 1;
			remoteGlobalIDString = 83449D1D25111F83003C0AC3;
			remoteInfo = day16;
		};
/* End PBXContainerItemProxy section */

/* Begin PBXFileReference section */
		83449D1E25111F83003C0AC3 /* day16.app */ = {isa = PBXFileReference; explicitFileType = wrapper.application; includeInIndex = 0; path = day16.app; sourceTree = BUILT_PRODUCTS_DIR; };
		83449D2125111F83003C0AC3 /* AppDelegate.swift */ = {isa = PBXFileReference; lastKnownFileType = sourcecode.swift; path = AppDelegate.swift; sourceTree = "<group>"; };
		83449D2325111F83003C0AC3 /* SceneDelegate.swift */ = {isa = PBXFileReference; lastKnownFileType = sourcecode.swift; path = SceneDelegate.swift; sourceTree = "<group>"; };
		83449D2525111F83003C0AC3 /* ViewController.swift */ = {isa = PBXFileReference; lastKnownFileType = sourcecode.swift; path = ViewController.swift; sourceTree = "<group>"; };
		83449D2825111F83003C0AC3 /* Base */ = {isa = PBXFileReference; lastKnownFileType = file.storyboard; name = Base; path = Base.lproj/Main.storyboard; sourceTree = "<group>"; };
		83449D2A25111F84003C0AC3 /* Assets.xcassets */ = {isa = PBXFileReference; lastKnownFileType = folder.assetcatalog; path = Assets.xcassets; sourceTree = "<group>"; };
		83449D2D25111F84003C0AC3 /* Base */ = {isa = PBXFileReference; lastKnownFileType = file.storyboard; name = Base; path = Base.lproj/LaunchScreen.storyboard; sourceTree = "<group>"; };
		83449D2F25111F84003C0AC3 /* Info.plist */ = {isa = PBXFileReference; lastKnownFileType = text.plist.xml; path = Info.plist; sourceTree = "<group>"; };
		83449D3425111F84003C0AC3 /* day16Tests.xctest */ = {isa = PBXFileReference; explicitFileType = wrapper.cfbundle; includeInIndex = 0; path = day16Tests.xctest; sourceTree = BUILT_PRODUCTS_DIR; };
		83449D3825111F84003C0AC3 /* day16Tests.swift */ = {isa = PBXFileReference; lastKnownFileType = sourcecode.swift; path = day16Tests.swift; sourceTree = "<group>"; };
		83449D3A25111F84003C0AC3 /* Info.plist */ = {isa = PBXFileReference; lastKnownFileType = text.plist.xml; path = Info.plist; sourceTree = "<group>"; };
/* End PBXFileReference section */

/* Begin PBXFrameworksBuildPhase section */
		83449D1B25111F83003C0AC3 /* Frameworks */ = {
			isa = PBXFrameworksBuildPhase;
			buildActionMask = 2147483647;
			files = (
			);
			runOnlyForDeploymentPostprocessing = 0;
		};
		83449D3125111F84003C0AC3 /* Frameworks */ = {
			isa = PBXFrameworksBuildPhase;
			buildActionMask = 2147483647;
			files = (
			);
			runOnlyForDeploymentPostprocessing = 0;
		};
/* End PBXFrameworksBuildPhase section */

/* Begin PBXGroup section */
		83449D1525111F83003C0AC3 = {
			isa = PBXGroup;
			children = (
				83449D2025111F83003C0AC3 /* day16 */,
				83449D3725111F84003C0AC3 /* day16Tests */,
				83449D1F25111F83003C0AC3 /* Products */,
			);
			sourceTree = "<group>";
		};
		83449D1F25111F83003C0AC3 /* Products */ = {
			isa = PBXGroup;
			children = (
				83449D1E25111F83003C0AC3 /* day16.app */,
				83449D3425111F84003C0AC3 /* day16Tests.xctest */,
			);
			name = Products;
			sourceTree = "<group>";
		};
		83449D2025111F83003C0AC3 /* day16 */ = {
			isa = PBXGroup;
			children = (
				83449D2125111F83003C0AC3 /* AppDelegate.swift */,
				83449D2325111F83003C0AC3 /* SceneDelegate.swift */,
				83449D2525111F83003C0AC3 /* ViewController.swift */,
				83449D2725111F83003C0AC3 /* Main.storyboard */,
				83449D2A25111F84003C0AC3 /* Assets.xcassets */,
				83449D2C25111F84003C0AC3 /* LaunchScreen.storyboard */,
				83449D2F25111F84003C0AC3 /* Info.plist */,
			);
			path = day16;
			sourceTree = "<group>";
		};
		83449D3725111F84003C0AC3 /* day16Tests */ = {
			isa = PBXGroup;
			children = (
				83449D3825111F84003C0AC3 /* day16Tests.swift */,
				83449D3A25111F84003C0AC3 /* Info.plist */,
			);
			path = day16Tests;
			sourceTree = "<group>";
		};
/* End PBXGroup section */

/* Begin PBXNativeTarget section */
		83449D1D25111F83003C0AC3 /* day16 */ = {
			isa = PBXNativeTarget;
			buildConfigurationList = 83449D3D25111F84003C0AC3 /* Build configuration list for PBXNativeTarget "day16" */;
			buildPhases = (
				83449D1A25111F83003C0AC3 /* Sources */,
				83449D1B25111F83003C0AC3 /* Frameworks */,
				83449D1C25111F83003C0AC3 /* Resources */,
			);
			buildRules = (
			);
			dependencies = (
			);
			name = day16;
			productName = day16;
			productReference = 83449D1E25111F83003C0AC3 /* day16.app */;
			productType = "com.apple.product-type.application";
		};
		83449D3325111F84003C0AC3 /* day16Tests */ = {
			isa = PBXNativeTarget;
			buildConfigurationList = 83449D4025111F84003C0AC3 /* Build configuration list for PBXNativeTarget "day16Tests" */;
			buildPhases = (
				83449D3025111F84003C0AC3 /* Sources */,
				83449D3125111F84003C0AC3 /* Frameworks */,
				83449D3225111F84003C0AC3 /* Resources */,
			);
			buildRules = (
			);
			dependencies = (
				83449D3625111F84003C0AC3 /* PBXTargetDependency */,
			);
			name = day16Tests;
			productName = day16Tests;
			productReference = 83449D3425111F84003C0AC3 /* day16Tests.xctest */;
			productType = "com.apple.product-type.bundle.unit-test";
		};
/* End PBXNativeTarget section */

/* Begin PBXProject section */
		83449D1625111F83003C0AC3 /* Project object */ = {
			isa = PBXProject;
			attributes = {
				LastSwiftUpdateCheck = 1170;
				LastUpgradeCheck = 1170;
				ORGANIZATIONNAME = "Ryan Anderson";
				TargetAttributes = {
					83449D1D25111F83003C0AC3 = {
						CreatedOnToolsVersion = 11.7;
					};
					83449D3325111F84003C0AC3 = {
						CreatedOnToolsVersion = 11.7;
						TestTargetID = 83449D1D25111F83003C0AC3;
					};
				};
			};
			buildConfigurationList = 83449D1925111F83003C0AC3 /* Build configuration list for PBXProject "day16" */;
			compatibilityVersion = "Xcode 9.3";
			developmentRegion = en;
			hasScannedForEncodings = 0;
			knownRegions = (
				en,
				Base,
			);
			mainGroup = 83449D1525111F83003C0AC3;
			productRefGroup = 83449D1F25111F83003C0AC3 /* Products */;
			projectDirPath = "";
			projectRoot = "";
			targets = (
				83449D1D25111F83003C0AC3 /* day16 */,
				83449D3325111F84003C0AC3 /* day16Tests */,
			);
		};
/* End PBXProject section */

/* Begin PBXResourcesBuildPhase section */
		83449D1C25111F83003C0AC3 /* Resources */ = {
			isa = PBXResourcesBuildPhase;
			buildActionMask = 2147483647;
			files = (
				83449D2E25111F84003C0AC3 /* LaunchScreen.storyboard in Resources */,
				83449D2B25111F84003C0AC3 /* Assets.xcassets in Resources */,
				83449D2925111F83003C0AC3 /* Main.storyboard in Resources */,
			);
			runOnlyForDeploymentPostprocessing = 0;
		};
		83449D3225111F84003C0AC3 /* Resources */ = {
			isa = PBXResourcesBuildPhase;
			buildActionMask = 2147483647;
			files = (
			);
			runOnlyForDeploymentPostprocessing = 0;
		};
/* End PBXResourcesBuildPhase section */

/* Begin PBXSourcesBuildPhase section */
		83449D1A25111F83003C0AC3 /* Sources */ = {
			isa = PBXSourcesBuildPhase;
			buildActionMask = 2147483647;
			files = (
				83449D2625111F83003C0AC3 /* ViewController.swift in Sources */,
				83449D2225111F83003C0AC3 /* AppDelegate.swift in Sources */,
				83449D2425111F83003C0AC3 /* SceneDelegate.swift in Sources */,
			);
			runOnlyForDeploymentPostprocessing = 0;
		};
		83449D3025111F84003C0AC3 /* Sources */ = {
			isa = PBXSourcesBuildPhase;
			buildActionMask = 2147483647;
			files = (
				83449D3925111F84003C0AC3 /* day16Tests.swift in Sources */,
			);
			runOnlyForDeploymentPostprocessing = 0;
		};
/* End PBXSourcesBuildPhase section */

/* Begin PBXTargetDependency section */
		83449D3625111F84003C0AC3 /* PBXTargetDependency */ = {
			isa = PBXTargetDependency;
			target = 83449D1D25111F83003C0AC3 /* day16 */;
			targetProxy = 83449D3525111F84003C0AC3 /* PBXContainerItemProxy */;
		};
/* End PBXTargetDependency section */

/* Begin PBXVariantGroup section */
		83449D2725111F83003C0AC3 /* Main.storyboard */ = {
			isa = PBXVariantGroup;
			children = (
				83449D2825111F83003C0AC3 /* Base */,
			);
			name = Main.storyboard;
			sourceTree = "<group>";
		};
		83449D2C25111F84003C0AC3 /* LaunchScreen.storyboard */ = {
			isa = PBXVariantGroup;
			children = (
				83449D2D25111F84003C0AC3 /* Base */,
			);
			name = LaunchScreen.storyboard;
			sourceTree = "<group>";
		};
/* End PBXVariantGroup section */

/* Begin XCBuildConfiguration section */
		83449D3B25111F84003C0AC3 /* Debug */ = {
			isa = XCBuildConfiguration;
			buildSettings = {
				ALWAYS_SEARCH_USER_PATHS = NO;
				CLANG_ANALYZER_NONNULL = YES;
				CLANG_ANALYZER_NUMBER_OBJECT_CONVERSION = YES_AGGRESSIVE;
				CLANG_CXX_LANGUAGE_STANDARD = "gnu++14";
				CLANG_CXX_LIBRARY = "libc++";
				CLANG_ENABLE_MODULES = YES;
				CLANG_ENABLE_OBJC_ARC = YES;
				CLANG_ENABLE_OBJC_WEAK = YES;
				CLANG_WARN_BLOCK_CAPTURE_AUTORELEASING = YES;
				CLANG_WARN_BOOL_CONVERSION = YES;
				CLANG_WARN_COMMA = YES;
				CLANG_WARN_CONSTANT_CONVERSION = YES;
				CLANG_WARN_DEPRECATED_OBJC_IMPLEMENTATIONS = YES;
				CLANG_WARN_DIRECT_OBJC_ISA_USAGE = YES_ERROR;
				CLANG_WARN_DOCUMENTATION_COMMENTS = YES;
				CLANG_WARN_EMPTY_BODY = YES;
				CLANG_WARN_ENUM_CONVERSION = YES;
				CLANG_WARN_INFINITE_RECURSION = YES;
				CLANG_WARN_INT_CONVERSION = YES;
				CLANG_WARN_NON_LITERAL_NULL_CONVERSION = YES;
				CLANG_WARN_OBJC_IMPLICIT_RETAIN_SELF = YES;
				CLANG_WARN_OBJC_LITERAL_CONVERSION = YES;
				CLANG_WARN_OBJC_ROOT_CLASS = YES_ERROR;
				CLANG_WARN_RANGE_LOOP_ANALYSIS = YES;
				CLANG_WARN_STRICT_PROTOTYPES = YES;
				CLANG_WARN_SUSPICIOUS_MOVE = YES;
				CLANG_WARN_UNGUARDED_AVAILABILITY = YES_AGGRESSIVE;
				CLANG_WARN_UNREACHABLE_CODE = YES;
				CLANG_WARN__DUPLICATE_METHOD_MATCH = YES;
				COPY_PHASE_STRIP = NO;
				DEBUG_INFORMATION_FORMAT = dwarf;
				ENABLE_STRICT_OBJC_MSGSEND = YES;
				ENABLE_TESTABILITY = YES;
				GCC_C_LANGUAGE_STANDARD = gnu11;
				GCC_DYNAMIC_NO_PIC = NO;
				GCC_NO_COMMON_BLOCKS = YES;
				GCC_OPTIMIZATION_LEVEL = 0;
				GCC_PREPROCESSOR_DEFINITIONS = (
					"DEBUG=1",
					"$(inherited)",
				);
				GCC_WARN_64_TO_32_BIT_CONVERSION = YES;
				GCC_WARN_ABOUT_RETURN_TYPE = YES_ERROR;
				GCC_WARN_UNDECLARED_SELECTOR = YES;
				GCC_WARN_UNINITIALIZED_AUTOS = YES_AGGRESSIVE;
				GCC_WARN_UNUSED_FUNCTION = YES;
				GCC_WARN_UNUSED_VARIABLE = YES;
				IPHONEOS_DEPLOYMENT_TARGET = 13.7;
				MTL_ENABLE_DEBUG_INFO = INCLUDE_SOURCE;
				MTL_FAST_MATH = YES;
				ONLY_ACTIVE_ARCH = YES;
				SDKROOT = iphoneos;
				SWIFT_ACTIVE_COMPILATION_CONDITIONS = DEBUG;
				SWIFT_OPTIMIZATION_LEVEL = "-Onone";
			};
			name = Debug;
		};
		83449D3C25111F84003C0AC3 /* Release */ = {
			isa = XCBuildConfiguration;
			buildSettings = {
				ALWAYS_SEARCH_USER_PATHS = NO;
				CLANG_ANALYZER_NONNULL = YES;
				CLANG_ANALYZER_NUMBER_OBJECT_CONVERSION = YES_AGGRESSIVE;
				CLANG_CXX_LANGUAGE_STANDARD = "gnu++14";
				CLANG_CXX_LIBRARY = "libc++";
				CLANG_ENABLE_MODULES = YES;
				CLANG_ENABLE_OBJC_ARC = YES;
				CLANG_ENABLE_OBJC_WEAK = YES;
				CLANG_WARN_BLOCK_CAPTURE_AUTORELEASING = YES;
				CLANG_WARN_BOOL_CONVERSION = YES;
				CLANG_WARN_COMMA = YES;
				CLANG_WARN_CONSTANT_CONVERSION = YES;
				CLANG_WARN_DEPRECATED_OBJC_IMPLEMENTATIONS = YES;
				CLANG_WARN_DIRECT_OBJC_ISA_USAGE = YES_ERROR;
				CLANG_WARN_DOCUMENTATION_COMMENTS = YES;
				CLANG_WARN_EMPTY_BODY = YES;
				CLANG_WARN_ENUM_CONVERSION = YES;
				CLANG_WARN_INFINITE_RECURSION = YES;
				CLANG_WARN_INT_CONVERSION = YES;
				CLANG_WARN_NON_LITERAL_NULL_CONVERSION = YES;
				CLANG_WARN_OBJC_IMPLICIT_RETAIN_SELF = YES;
				CLANG_WARN_OBJC_LITERAL_CONVERSION = YES;
				CLANG_WARN_OBJC_ROOT_CLASS = YES_ERROR;
				CLANG_WARN_RANGE_LOOP_ANALYSIS = YES;
				CLANG_WARN_STRICT_PROTOTYPES = YES;
				CLANG_WARN_SUSPICIOUS_MOVE = YES;
				CLANG_WARN_UNGUARDED_AVAILABILITY = YES_AGGRESSIVE;
				CLANG_WARN_UNREACHABLE_CODE = YES;
				CLANG_WARN__DUPLICATE_METHOD_MATCH = YES;
				COPY_PHASE_STRIP = NO;
				DEBUG_INFORMATION_FORMAT = "dwarf-with-dsym";
				ENABLE_NS_ASSERTIONS = NO;
				ENABLE_STRICT_OBJC_MSGSEND = YES;
				GCC_C_LANGUAGE_STANDARD = gnu11;
				GCC_NO_COMMON_BLOCKS = YES;
				GCC_WARN_64_TO_32_BIT_CONVERSION = YES;
				GCC_WARN_ABOUT_RETURN_TYPE = YES_ERROR;
				GCC_WARN_UNDECLARED_SELECTOR = YES;
				GCC_WARN_UNINITIALIZED_AUTOS = YES_AGGRESSIVE;
				GCC_WARN_UNUSED_FUNCTION = YES;
				GCC_WARN_UNUSED_VARIABLE = YES;
				IPHONEOS_DEPLOYMENT_TARGET = 13.7;
				MTL_ENABLE_DEBUG_INFO = NO;
				MTL_FAST_MATH = YES;
				SDKROOT = iphoneos;
				SWIFT_COMPILATION_MODE = wholemodule;
				SWIFT_OPTIMIZATION_LEVEL = "-O";
				VALIDATE_PRODUCT = YES;
			};
			name = Release;
		};
		83449D3E25111F84003C0AC3 /* Debug */ = {
			isa = XCBuildConfiguration;
			buildSettings = {
				ASSETCATALOG_COMPILER_APPICON_NAME = AppIcon;
				CODE_SIGN_STYLE = Automatic;
				INFOPLIST_FILE = day16/Info.plist;
				LD_RUNPATH_SEARCH_PATHS = (
					"$(inherited)",
					"@executable_path/Frameworks",
				);
				PRODUCT_BUNDLE_IDENTIFIER = com.example.day16;
				PRODUCT_NAME = "$(TARGET_NAME)";
				SWIFT_VERSION = 5.0;
				TARGETED_DEVICE_FAMILY = "1,2";
			};
			name = Debug;
		};
		83449D3F25111F84003C0AC3 /* Release */ = {
			isa = XCBuildConfiguration;
			buildSettings = {
				ASSETCATALOG_COMPILER_APPICON_NAME = AppIcon;
				CODE_SIGN_STYLE = Automatic;
				INFOPLIST_FILE = day16/Info.plist;
				LD_RUNPATH_SEARCH_PATHS = (
					"$(inherited)",
					"@executable_path/Frameworks",
				);
				PRODUCT_BUNDLE_IDENTIFIER = com.example.day16;
				PRODUCT_NAME = "$(TARGET_NAME)";
				SWIFT_VERSION = 5.0;
				TARGETED_DEVICE_FAMILY = "1,2";
			};
			name = Release;
		};
		83449D4125111F84003C0AC3 /* Debug */ = {
			isa = XCBuildConfiguration;
			buildSettings = {
				ALWAYS_EMBED_SWIFT_STANDARD_LIBRARIES = YES;
				BUNDLE_LOADER = "$(TEST_HOST)";
				CODE_SIGN_STYLE = Automatic;
				INFOPLIST_FILE = day16Tests/Info.plist;
				IPHONEOS_DEPLOYMENT_TARGET = 13.7;
				LD_RUNPATH_SEARCH_PATHS = (
					"$(inherited)",
					"@executable_path/Frameworks",
					"@loader_path/Frameworks",
				);
				PRODUCT_BUNDLE_IDENTIFIER = com.example.day16Tests;
				PRODUCT_NAME = "$(TARGET_NAME)";
				SWIFT_VERSION = 5.0;
				TARGETED_DEVICE_FAMILY = "1,2";
				TEST_HOST = "$(BUILT_PRODUCTS_DIR)/day16.app/day16";
			};
			name = Debug;
		};
		83449D4225111F84003C0AC3 /* Release */ = {
			isa = XCBuildConfiguration;
			buildSettings = {
				ALWAYS_EMBED_SWIFT_STANDARD_LIBRARIES = YES;
				BUNDLE_LOADER = "$(TEST_HOST)";
				CODE_SIGN_STYLE = Automatic;
				INFOPLIST_FILE = day16Tests/Info.plist;
				IPHONEOS_DEPLOYMENT_TARGET = 13.7;
				LD_RUNPATH_SEARCH_PATHS = (
					"$(inherited)",
					"@executable_path/Frameworks",
					"@loader_path/Frameworks",
				);
				PRODUCT_BUNDLE_IDENTIFIER = com.example.day16Tests;
				PRODUCT_NAME = "$(TARGET_NAME)";
				SWIFT_VERSION = 5.0;
				TARGETED_DEVICE_FAMILY = "1,2";
				TEST_HOST = "$(BUILT_PRODUCTS_DIR)/day16.app/day16";
			};
			name = Release;
		};
/* End XCBuildConfiguration section */

/* Begin XCConfigurationList section */
		83449D1925111F83003C0AC3 /* Build configuration list for PBXProject "day16" */ = {
			isa = XCConfigurationList;
			buildConfigurations = (
				83449D3B25111F84003C0AC3 /* Debug */,
				83449D3C25111F84003C0AC3 /* Release */,
			);
			defaultConfigurationIsVisible = 0;
			defaultConfigurationName = Release;
		};
		83449D3D25111F84003C0AC3 /* Build configuration list for PBXNativeTarget "day16" */ = {
			isa = XCConfigurationList;
			buildConfigurations = (
				83449D3E25111F84003C0AC3 /* Debug */,
				83449D3F25111F84003C0AC3 /* Release */,
			);
			defaultConfigurationIsVisible = 0;
			defaultConfigurationName = Release;
		};
		83449D4025111F84003C0AC3 /* Build configuration list for PBXNativeTarget "day16Tests" */ = {
			isa = XCConfigurationList;
			buildConfigurations = (
				83449D4125111F84003C0AC3 /* Debug */,
				83449D4225111F84003C0AC3 /* Release */,
			);
			defaultConfigurationIsVisible = 0;
			defaultConfigurationName = Release;
		};
/* End XCConfigurationList section */
	};
	rootObject = 83449D1625111F83003C0AC3 /* Project object */;
}
